<?xml version="1.0" encoding="utf-8"?>
<Project ToolsVersion="4.0" xmlns="http://schemas.microsoft.com/developer/msbuild/2003">
  <ItemGroup>
    <Filter Include="Source Files">
      <UniqueIdentifier>{4FC737F1-C7A5-4376-A066-2A32D752A2FF}</UniqueIdentifier>
      <Extensions>cpp;c;cc;cxx;c++;cppm;ixx;def;odl;idl;hpj;bat;asm;asmx</Extensions>
    </Filter>
    <Filter Include="Header Files">
      <UniqueIdentifier>{93995380-89BD-4b04-88EB-625FBE52EBFB}</UniqueIdentifier>
      <Extensions>h;hh;hpp;hxx;h++;hm;inl;inc;ipp;xsd</Extensions>
    </Filter>
    <Filter Include="Resource Files">
      <UniqueIdentifier>{67DA6AB6-F800-4c08-8B7A-83BB121AAD01}</UniqueIdentifier>
      <Extensions>rc;ico;cur;bmp;dlg;rc2;rct;bin;rgs;gif;jpg;jpeg;jpe;resx;tiff;tif;png;wav;mfcribbon-ms</Extensions>
    </Filter>
  </ItemGroup>
  <ItemGroup>
    <ClInclude Include="framework.h">
      <Filter>Header Files</Filter>
    </ClInclude>
    <ClInclude Include="pch.h">
      <Filter>Header Files</Filter>
    </ClInclude>
    <ClInclude Include="utfConv.h">
      <Filter>Header Files</Filter>
    </ClInclude>
    <ClInclude Include="stringConverter.h">
      <Filter>Header Files</Filter>
    </ClInclude>
    <ClInclude Include="shookayEngine.h">
      <Filter>Header Files</Filter>
    </ClInclude>
    <ClInclude Include="shookay.h">
      <Filter>Header Files</Filter>
    </ClInclude>
    <ClInclude Include="common.h">
      <Filter>Header Files</Filter>
    </ClInclude>
    <ClInclude Include="expressionNode.h">
      <Filter>Header Files</Filter>
    </ClInclude>
    <ClInclude Include="expressionTreeBuilder.h">
      <Filter>Header Files</Filter>
    </ClInclude>
    <ClInclude Include="wordOperations.h">
      <Filter>Header Files</Filter>
    </ClInclude>
    <ClInclude Include="wordStruct.h">
      <Filter>Header Files</Filter>
    </ClInclude>
    <ClInclude Include="wordDescription.h">
      <Filter>Header Files</Filter>
    </ClInclude>
    <ClInclude Include="quickSorter.h">
      <Filter>Header Files</Filter>
    </ClInclude>
    <ClInclude Include="myIntHashSet.h">
      <Filter>Header Files</Filter>
    </ClInclude>
    <ClInclude Include="postfixItem.h">
      <Filter>Header Files</Filter>
    </ClInclude>
    <ClInclude Include="expressionTokenizer.h">
      <Filter>Header Files</Filter>
    </ClInclude>
  </ItemGroup>
  <ItemGroup>
    <ClCompile Include="dllmain.cpp">
      <Filter>Source Files</Filter>
    </ClCompile>
    <ClCompile Include="pch.cpp">
      <Filter>Source Files</Filter>
    </ClCompile>
    <ClCompile Include="utfConv.cpp">
      <Filter>Source Files</Filter>
    </ClCompile>
    <ClCompile Include="stringConverter.cpp">
      <Filter>Source Files</Filter>
    </ClCompile>
    <ClCompile Include="shookay.cpp">
      <Filter>Source Files</Filter>
    </ClCompile>
    <ClCompile Include="shookayEngine.cpp">
      <Filter>Source Files</Filter>
    </ClCompile>
    <ClCompile Include="expressionTreeBuilder.cpp">
      <Filter>Source Files</Filter>
    </ClCompile>
    <ClCompile Include="postfixItem.cpp">
      <Filter>Source Files</Filter>
    </ClCompile>
    <ClCompile Include="quickSorter.cpp">
      <Filter>Source Files</Filter>
    </ClCompile>
    <ClCompile Include="myIntHashSet.cpp">
      <Filter>Source Files</Filter>
    </ClCompile>
    <ClCompile Include="expressionTokenizer.cpp">
      <Filter>Source Files</Filter>
    </ClCompile>
  </ItemGroup>
  <ItemGroup>
    <None Include="cpp.hint" />
  </ItemGroup>
</Project>